# Generated by buf. DO NOT EDIT.
version: v2
deps:
  - name: buf.build/googleapis/googleapis
    commit: 5ae7f88519b04fe1965da0f8a375a088
    digest: b5:ac717f02b210c53aeaa5d8801b118cae7a1883dab531034859889622dcb389979ee731ab42192c16c3cdb39b40f2dda72a8c1ebeefa3bcdf95f9e5739dc30cca
  - name: buf.build/grpc-ecosystem/grpc-gateway
    commit: a1ecdc58eccd49aa8bea2a7a9022dc27
    digest: b5:74f71040b7c3dfc67bc5e5cf358eafaaf0ca9a7b623d025e2102cd9659f11f87cd2caadb4cfd1e323fd39f5ac855dbd722a0bf68ec51abfdb5da794728d42714
